
Microsoft Visual Studio Solution File, Format Version 12.00
# Visual Studio Version 16
VisualStudioVersion = 16.0.32002.261
MinimumVisualStudioVersion = 10.0.40219.1
Project("{FAE04EC0-301F-11D3-BF4B-00C04F79EFBC}") = "LoginDemo", "LoginDemo\LoginDemo.csproj", "{88146983-9EC5-479B-9018-49C657E9BC06}"
EndProject
Global
	GlobalSection(SolutionConfigurationPlatforms) = preSolution
		Debug|Any CPU = Debug|Any CPU
		Release|Any CPU = Release|Any CPU
	EndGlobalSection
	GlobalSection(ProjectConfigurationPlatforms) = postSolution
		{88146983-9EC5-479B-9018-49C657E9BC06}.Debug|Any CPU.ActiveCfg = Debug|Any CPU
		{88146983-9EC5-479B-9018-49C657E9BC06}.Debug|Any CPU.Build.0 = Debug|Any CPU
		{88146983-9EC5-479B-9018-49C657E9BC06}.Release|Any CPU.ActiveCfg = Release|Any CPU
		{88146983-9EC5-479B-9018-49C657E9BC06}.Release|Any CPU.Build.0 = Release|Any CPU
	EndGlobalSection
	GlobalSection(SolutionProperties) = preSolution
		HideSolutionNode = FALSE
	EndGlobalSection
	GlobalSection(ExtensibilityGlobals) = postSolution
		SolutionGuid = {DD232FDD-C74E-4B2B-8C3D-BB983F4C5F39}
	EndGlobalSection
EndGlobal
